{
  "name": "MusicOfAPeople.com",
  "lockfileVersion": 3,
  "requires": true,
  "packages": {
    "": {
      "name": "MusicOfAPeople.com",
      "dependencies": {
        "scroll-cli": "^110.1.0"
      }
    },
    "node_modules/dayjs": {
      "version": "1.11.7",
      "resolved": "https://registry.npmjs.org/dayjs/-/dayjs-1.11.7.tgz",
      "integrity": "sha512-+Yw9U6YO5TQohxLcIkrXBeY73WP3ejHWVvx8XCk3gxvQDCTEmS48ZrSZCKciI7Bhl/uCMyxYtE9UqRILmFphkQ=="
    },
    "node_modules/image-size": {
      "version": "1.0.2",
      "resolved": "https://registry.npmjs.org/image-size/-/image-size-1.0.2.tgz",
      "integrity": "sha512-xfOoWjceHntRb3qFCrh5ZFORYH8XCdYpASltMhZ/Q0KZiOwjdE/Yl2QCiWdwD+lygV5bMCvauzgu5PxBX/Yerg==",
      "dependencies": {
        "queue": "6.0.2"
      },
      "bin": {
        "image-size": "bin/image-size.js"
      },
      "engines": {
        "node": ">=14.0.0"
      }
    },
    "node_modules/inherits": {
      "version": "2.0.4",
      "resolved": "https://registry.npmjs.org/inherits/-/inherits-2.0.4.tgz",
      "integrity": "sha512-k/vGaX4/Yla3WzyMCvTQOXYeIHvqOKtnqBduzTHpzpQZzAskKMhZ2K+EnBiSM9zGSoIFeMpXKxa4dYeZIQqewQ=="
    },
    "node_modules/lodash": {
      "version": "4.17.21",
      "resolved": "https://registry.npmjs.org/lodash/-/lodash-4.17.21.tgz",
      "integrity": "sha512-v2kDEe57lecTulaDIuNTPy3Ry4gLGJ6Z1O3vE1krgXZNrsQ+LFTGHVxVjcXPs17LhbZVGedAJv8XZ1tvj5FvSg=="
    },
    "node_modules/minimist": {
      "version": "1.2.8",
      "resolved": "https://registry.npmjs.org/minimist/-/minimist-1.2.8.tgz",
      "integrity": "sha512-2yyAR8qBkN3YuheJanUpWC5U3bb5osDywNB8RzDVlDwDHbocAJveqqj1u8+SVD7jkWT4yvsHCpWqqWqAxb0zCA==",
      "funding": {
        "url": "https://github.com/sponsors/ljharb"
      }
    },
    "node_modules/queue": {
      "version": "6.0.2",
      "resolved": "https://registry.npmjs.org/queue/-/queue-6.0.2.tgz",
      "integrity": "sha512-iHZWu+q3IdFZFX36ro/lKBkSvfkztY5Y7HMiPlOUjhupPcG2JMfst2KKEpu5XndviX/3UhFbRngUPNKtgvtZiA==",
      "dependencies": {
        "inherits": "~2.0.3"
      }
    },
    "node_modules/scroll-cli": {
      "version": "110.1.0",
      "resolved": "https://registry.npmjs.org/scroll-cli/-/scroll-cli-110.1.0.tgz",
      "integrity": "sha512-NW+4pDGHc0lxpjnsIRHa5yLlRMm+Fej+2qVCMNN53eCqWBewbCR9673X7UjVIyRq34AA/xh13jNyAme8Q7DdbQ==",
      "dependencies": {
        "dayjs": "^1.11.7",
        "image-size": "^1.0.2",
        "lodash": "^4.17.21",
        "minimist": "^1.2.5",
        "scrollsdk": "^80.1.1"
      },
      "bin": {
        "scroll": "scroll.js"
      },
      "engines": {
        "node": ">=16.0"
      }
    },
    "node_modules/scrollsdk": {
      "version": "80.2.0",
      "resolved": "https://registry.npmjs.org/scrollsdk/-/scrollsdk-80.2.0.tgz",
      "integrity": "sha512-rn3MsMyjWeNGISoYQAjOLwraKpDACBgYEa+fQqW7jdT97SuSzbCDiKv2r/+nYQ9EG6P9uCOHUAvqDtf978MPYw==",
      "engines": {
        "node": ">=16.0"
      }
    }
  }
}
